
Microsoft Visual Studio Solution File, Format Version 12.00
Project("{FAE04EC0-301F-11D3-BF4B-00C04F79EFBC}") = "CustomAuthorization", "CustomAuthorization\CustomAuthorization.csproj", "{1473ABA6-8DBF-48CA-AC81-203727A3E877}"
EndProject
Global
	GlobalSection(SolutionConfigurationPlatforms) = preSolution
		Debug|Any CPU = Debug|Any CPU
		Release|Any CPU = Release|Any CPU
	EndGlobalSection
	GlobalSection(ProjectConfigurationPlatforms) = postSolution
		{1473ABA6-8DBF-48CA-AC81-203727A3E877}.Debug|Any CPU.ActiveCfg = Debug|Any CPU
		{1473ABA6-8DBF-48CA-AC81-203727A3E877}.Debug|Any CPU.Build.0 = Debug|Any CPU
		{1473ABA6-8DBF-48CA-AC81-203727A3E877}.Release|Any CPU.ActiveCfg = Release|Any CPU
		{1473ABA6-8DBF-48CA-AC81-203727A3E877}.Release|Any CPU.Build.0 = Release|Any CPU
	EndGlobalSection
EndGlobal
